
Microsoft Visual Studio Solution File, Format Version 12.00
# Visual Studio Version 17
VisualStudioVersion = 17.8.34309.116
MinimumVisualStudioVersion = 10.0.40219.1
Project("{8BC9CEB8-8B4A-11D0-8D11-00A0C91BC942}") = "cppExamApp", "cppExamApp\cppExamApp.vcxproj", "{51FB1677-B0A3-42C0-A703-DA9AB7A7CE98}"
EndProject
Global
	GlobalSection(SolutionConfigurationPlatforms) = preSolution
		Debug|x64 = Debug|x64
		Debug|x86 = Debug|x86
		Release|x64 = Release|x64
		Release|x86 = Release|x86
	EndGlobalSection
	GlobalSection(ProjectConfigurationPlatforms) = postSolution
		{51FB1677-B0A3-42C0-A703-DA9AB7A7CE98}.Debug|x64.ActiveCfg = Debug|x64
		{51FB1677-B0A3-42C0-A703-DA9AB7A7CE98}.Debug|x64.Build.0 = Debug|x64
		{51FB1677-B0A3-42C0-A703-DA9AB7A7CE98}.Debug|x86.ActiveCfg = Debug|Win32
		{51FB1677-B0A3-42C0-A703-DA9AB7A7CE98}.Debug|x86.Build.0 = Debug|Win32
		{51FB1677-B0A3-42C0-A703-DA9AB7A7CE98}.Release|x64.ActiveCfg = Release|x64
		{51FB1677-B0A3-42C0-A703-DA9AB7A7CE98}.Release|x64.Build.0 = Release|x64
		{51FB1677-B0A3-42C0-A703-DA9AB7A7CE98}.Release|x86.ActiveCfg = Release|Win32
		{51FB1677-B0A3-42C0-A703-DA9AB7A7CE98}.Release|x86.Build.0 = Release|Win32
	EndGlobalSection
	GlobalSection(SolutionProperties) = preSolution
		HideSolutionNode = FALSE
	EndGlobalSection
	GlobalSection(ExtensibilityGlobals) = postSolution
		SolutionGuid = {A392D8E1-DC3E-4D5C-AD80-F06989BE0B60}
	EndGlobalSection
EndGlobal
